Microsoft Visual Studio Solution File, Format Version 12.00
# Visual Studio Version 17
VisualStudioVersion = 17.13.35818.85
MinimumVisualStudioVersion = 10.0.40219.1
Project("{FAE04EC0-301F-11D3-BF4B-00C04F79EFBC}") = "ContainerShipment", "ContainerShipment\ContainerShipment.csproj", "{B56249D2-2848-4D1E-9676-13117DA72DB9}"
EndProject
Project("{2150E333-8FDC-42A3-9474-1A3956D46DE8}") = "Task2", "Task2", "{02EA681E-C7D8-13C7-8484-4AC65E1B71E8}"
EndProject
Project("{FAE04EC0-301F-11D3-BF4B-00C04F79EFBC}") = "LegacyApp", "..\Task2\LegacyApp\LegacyApp.csproj", "{4DDF639E-EDDF-701E-E99B-8B95602DA4BC}"
EndProject
Project("{FAE04EC0-301F-11D3-BF4B-00C04F79EFBC}") = "LegacyAppConsumer", "..\Task2\LegacyAppConsumer\LegacyAppConsumer.csproj", "{27B9A9CA-FC1E-0965-6842-36E7E1977796}"
EndProject
Project("{FAE04EC0-301F-11D3-BF4B-00C04F79EFBC}") = "UserService.Test", "UserService.Test\UserService.Test.csproj", "{AD6D43F5-3CE4-44E2-A792-ED96795A3BF8}"
EndProject
Global
	GlobalSection(SolutionConfigurationPlatforms) = preSolution
		Debug|Any CPU = Debug|Any CPU
		Release|Any CPU = Release|Any CPU
	EndGlobalSection
	GlobalSection(ProjectConfigurationPlatforms) = postSolution
		{B56249D2-2848-4D1E-9676-13117DA72DB9}.Debug|Any CPU.ActiveCfg = Debug|Any CPU
		{B56249D2-2848-4D1E-9676-13117DA72DB9}.Debug|Any CPU.Build.0 = Debug|Any CPU
		{B56249D2-2848-4D1E-9676-13117DA72DB9}.Release|Any CPU.ActiveCfg = Release|Any CPU
		{B56249D2-2848-4D1E-9676-13117DA72DB9}.Release|Any CPU.Build.0 = Release|Any CPU
		{4DDF639E-EDDF-701E-E99B-8B95602DA4BC}.Debug|Any CPU.ActiveCfg = Debug|Any CPU
		{4DDF639E-EDDF-701E-E99B-8B95602DA4BC}.Debug|Any CPU.Build.0 = Debug|Any CPU
		{4DDF639E-EDDF-701E-E99B-8B95602DA4BC}.Release|Any CPU.ActiveCfg = Release|Any CPU
		{4DDF639E-EDDF-701E-E99B-8B95602DA4BC}.Release|Any CPU.Build.0 = Release|Any CPU
		{27B9A9CA-FC1E-0965-6842-36E7E1977796}.Debug|Any CPU.ActiveCfg = Debug|Any CPU
		{27B9A9CA-FC1E-0965-6842-36E7E1977796}.Debug|Any CPU.Build.0 = Debug|Any CPU
		{27B9A9CA-FC1E-0965-6842-36E7E1977796}.Release|Any CPU.ActiveCfg = Release|Any CPU
		{27B9A9CA-FC1E-0965-6842-36E7E1977796}.Release|Any CPU.Build.0 = Release|Any CPU
		{AD6D43F5-3CE4-44E2-A792-ED96795A3BF8}.Debug|Any CPU.ActiveCfg = Debug|Any CPU
		{AD6D43F5-3CE4-44E2-A792-ED96795A3BF8}.Debug|Any CPU.Build.0 = Debug|Any CPU
		{AD6D43F5-3CE4-44E2-A792-ED96795A3BF8}.Release|Any CPU.ActiveCfg = Release|Any CPU
		{AD6D43F5-3CE4-44E2-A792-ED96795A3BF8}.Release|Any CPU.Build.0 = Release|Any CPU
	EndGlobalSection
	GlobalSection(SolutionProperties) = preSolution
		HideSolutionNode = FALSE
	EndGlobalSection
	GlobalSection(NestedProjects) = preSolution
		{4DDF639E-EDDF-701E-E99B-8B95602DA4BC} = {02EA681E-C7D8-13C7-8484-4AC65E1B71E8}
		{27B9A9CA-FC1E-0965-6842-36E7E1977796} = {02EA681E-C7D8-13C7-8484-4AC65E1B71E8}
		{AD6D43F5-3CE4-44E2-A792-ED96795A3BF8} = {02EA681E-C7D8-13C7-8484-4AC65E1B71E8}
	EndGlobalSection
	GlobalSection(ExtensibilityGlobals) = postSolution
		SolutionGuid = {8D3B786B-7A29-4780-B14B-91352E0CCC61}
	EndGlobalSection
EndGlobal
